
Microsoft Visual Studio Solution File, Format Version 12.00
# Visual Studio Version 17
VisualStudioVersion = 17.0.31912.275
MinimumVisualStudioVersion = 10.0.40219.1
Project("{9A19103F-16F7-4668-BE54-9A1E7A4F7556}") = "FireplaceApi.Api", "Api\FireplaceApi.Api.csproj", "{649E3826-9954-4DB6-A65B-B7797CE4A886}"
EndProject
Project("{9A19103F-16F7-4668-BE54-9A1E7A4F7556}") = "FireplaceApi.Core", "Core\FireplaceApi.Core.csproj", "{A7369CD4-3E5D-4C1E-982F-D6D28C5D50DC}"
EndProject
Project("{9A19103F-16F7-4668-BE54-9A1E7A4F7556}") = "FireplaceApi.Infrastructure", "Infrastructure\FireplaceApi.Infrastructure.csproj", "{D48C0072-3959-44CD-8039-F973E1D8D24D}"
EndProject
Project("{9A19103F-16F7-4668-BE54-9A1E7A4F7556}") = "FireplaceApi.Api.IntegrationTests", "Api.IntegrationTests\FireplaceApi.Api.IntegrationTests.csproj", "{1F51795D-E4C4-487B-85C9-83ADA3ABC892}"
EndProject
Project("{2150E333-8FDC-42A3-9474-1A3956D46DE8}") = "Solution Items", "Solution Items", "{9124A15F-DAFD-4B74-AB03-03F47B7A8DDC}"
	ProjectSection(SolutionItems) = preProject
		.gitignore = .gitignore
		.github\workflows\CICD.yml = .github\workflows\CICD.yml
		docker-compose.yml = docker-compose.yml
		Dockerfile = Dockerfile
		README.md = README.md
	EndProjectSection
EndProject
Project("{2150E333-8FDC-42A3-9474-1A3956D46DE8}") = "Guides", "Guides", "{2B8681AF-3407-426E-8C94-26AC017BF28B}"
	ProjectSection(SolutionItems) = preProject
		Guides\id-generation-and-encoding.md = Guides\id-generation-and-encoding.md
		Guides\initial-data.sql = Guides\initial-data.sql
		Guides\sign-up-and-log-in-methods.md = Guides\sign-up-and-log-in-methods.md
		Guides\the-swagger.md = Guides\the-swagger.md
	EndProjectSection
EndProject
Global
	GlobalSection(SolutionConfigurationPlatforms) = preSolution
		Debug|Any CPU = Debug|Any CPU
		Release|Any CPU = Release|Any CPU
	EndGlobalSection
	GlobalSection(ProjectConfigurationPlatforms) = postSolution
		{649E3826-9954-4DB6-A65B-B7797CE4A886}.Debug|Any CPU.ActiveCfg = Debug|Any CPU
		{649E3826-9954-4DB6-A65B-B7797CE4A886}.Debug|Any CPU.Build.0 = Debug|Any CPU
		{649E3826-9954-4DB6-A65B-B7797CE4A886}.Release|Any CPU.ActiveCfg = Release|Any CPU
		{649E3826-9954-4DB6-A65B-B7797CE4A886}.Release|Any CPU.Build.0 = Release|Any CPU
		{A7369CD4-3E5D-4C1E-982F-D6D28C5D50DC}.Debug|Any CPU.ActiveCfg = Debug|Any CPU
		{A7369CD4-3E5D-4C1E-982F-D6D28C5D50DC}.Debug|Any CPU.Build.0 = Debug|Any CPU
		{A7369CD4-3E5D-4C1E-982F-D6D28C5D50DC}.Release|Any CPU.ActiveCfg = Release|Any CPU
		{A7369CD4-3E5D-4C1E-982F-D6D28C5D50DC}.Release|Any CPU.Build.0 = Release|Any CPU
		{D48C0072-3959-44CD-8039-F973E1D8D24D}.Debug|Any CPU.ActiveCfg = Debug|Any CPU
		{D48C0072-3959-44CD-8039-F973E1D8D24D}.Debug|Any CPU.Build.0 = Debug|Any CPU
		{D48C0072-3959-44CD-8039-F973E1D8D24D}.Release|Any CPU.ActiveCfg = Release|Any CPU
		{D48C0072-3959-44CD-8039-F973E1D8D24D}.Release|Any CPU.Build.0 = Release|Any CPU
		{1F51795D-E4C4-487B-85C9-83ADA3ABC892}.Debug|Any CPU.ActiveCfg = Debug|Any CPU
		{1F51795D-E4C4-487B-85C9-83ADA3ABC892}.Debug|Any CPU.Build.0 = Debug|Any CPU
		{1F51795D-E4C4-487B-85C9-83ADA3ABC892}.Release|Any CPU.ActiveCfg = Release|Any CPU
		{1F51795D-E4C4-487B-85C9-83ADA3ABC892}.Release|Any CPU.Build.0 = Release|Any CPU
	EndGlobalSection
	GlobalSection(SolutionProperties) = preSolution
		HideSolutionNode = FALSE
	EndGlobalSection
	GlobalSection(ExtensibilityGlobals) = postSolution
		SolutionGuid = {6225419E-2EC4-48B0-A42A-6DBBE54BB4CD}
	EndGlobalSection
EndGlobal
